# This file is automatically @generated by Cargo.
# It is not intended for manual editing.
[[package]]
name = "index-fixed"
version = "0.3.1"
source = "registry+https://github.com/rust-lang/crates.io-index"
checksum = "4161ceaf2f41b6cd3f6502f5da085d4ad4393a51e0c70ed2fce1d5698d798fae"

[[package]]
name = "sodalite"
version = "0.4.0"
source = "registry+https://github.com/rust-lang/crates.io-index"
checksum = "41784a359d15c58bba298cccb7f30a847a1a42d0620c9bdaa0aa42fdb3c280e0"
dependencies = [
 "index-fixed",
]

[[package]]
name = "sp-std"
version = "3.0.0"
source = "registry+https://github.com/rust-lang/crates.io-index"
checksum = "35391ea974fa5ee869cb094d5b437688fbf3d8127d64d1b9fed5822a1ed39b12"

[[package]]
name = "substrate-stellar-sdk"
version = "0.1.0"
dependencies = [
 "sodalite",
 "sp-std",
 "substrate-stellar-xdr",
]

[[package]]
name = "substrate-stellar-xdr"
version = "0.1.4"
source = "registry+https://github.com/rust-lang/crates.io-index"
checksum = "3df74215ec3035d86fe8629fe31ba547302c7a673e2971e561651c985321d83c"
dependencies = [
 "sp-std",
]
